
Microsoft Visual Studio Solution File, Format Version 12.00
# Visual Studio Version 16
VisualStudioVersion = 16.0.29926.136
MinimumVisualStudioVersion = 10.0.40219.1
Project("{FAE04EC0-301F-11D3-BF4B-00C04F79EFBC}") = "projektv2", "projektv2\projektv2.csproj", "{823C7600-20DA-4E98-9C9E-58DB62D33C1E}"
EndProject
Global
	GlobalSection(SolutionConfigurationPlatforms) = preSolution
		Debug|Any CPU = Debug|Any CPU
		Release|Any CPU = Release|Any CPU
	EndGlobalSection
	GlobalSection(ProjectConfigurationPlatforms) = postSolution
		{823C7600-20DA-4E98-9C9E-58DB62D33C1E}.Debug|Any CPU.ActiveCfg = Debug|Any CPU
		{823C7600-20DA-4E98-9C9E-58DB62D33C1E}.Debug|Any CPU.Build.0 = Debug|Any CPU
		{823C7600-20DA-4E98-9C9E-58DB62D33C1E}.Release|Any CPU.ActiveCfg = Release|Any CPU
		{823C7600-20DA-4E98-9C9E-58DB62D33C1E}.Release|Any CPU.Build.0 = Release|Any CPU
	EndGlobalSection
	GlobalSection(SolutionProperties) = preSolution
		HideSolutionNode = FALSE
	EndGlobalSection
	GlobalSection(ExtensibilityGlobals) = postSolution
		SolutionGuid = {477DECC4-4C1B-4909-90A4-FCFC162BC75B}
	EndGlobalSection
EndGlobal
